
Microsoft Visual Studio Solution File, Format Version 12.00
# Visual Studio Version 17
VisualStudioVersion = 17.5.33516.290
MinimumVisualStudioVersion = 10.0.40219.1
Project("{FAE04EC0-301F-11D3-BF4B-00C04F79EFBC}") = "CS-Emerios-API-Tracker", "CS-Emerios-API-Tracker\CS-Emerios-API-Tracker.csproj", "{59C273EA-B974-4356-8756-1F91C7D6DA03}"
EndProject
Global
	GlobalSection(SolutionConfigurationPlatforms) = preSolution
		Debug|Any CPU = Debug|Any CPU
		Release|Any CPU = Release|Any CPU
	EndGlobalSection
	GlobalSection(ProjectConfigurationPlatforms) = postSolution
		{59C273EA-B974-4356-8756-1F91C7D6DA03}.Debug|Any CPU.ActiveCfg = Debug|Any CPU
		{59C273EA-B974-4356-8756-1F91C7D6DA03}.Debug|Any CPU.Build.0 = Debug|Any CPU
		{59C273EA-B974-4356-8756-1F91C7D6DA03}.Release|Any CPU.ActiveCfg = Release|Any CPU
		{59C273EA-B974-4356-8756-1F91C7D6DA03}.Release|Any CPU.Build.0 = Release|Any CPU
	EndGlobalSection
	GlobalSection(SolutionProperties) = preSolution
		HideSolutionNode = FALSE
	EndGlobalSection
	GlobalSection(ExtensibilityGlobals) = postSolution
		SolutionGuid = {06419B9B-3677-45A0-B9B4-A9702F5BFDBF}
	EndGlobalSection
EndGlobal
